// !$*UTF8*$!
{
	archiveVersion = 1;
	classes = {
	};
	objectVersion = 46;
	objects = {

/* Begin PBXBuildFile section */
		6BF692911C72FD5200210090 /* AppDelegate.swift in Sources */ = {isa = PBXBuildFile; fileRef = 6BF692901C72FD5200210090 /* AppDelegate.swift */; };
		6BF692931C72FD5200210090 /* ViewController.swift in Sources */ = {isa = PBXBuildFile; fileRef = 6BF692921C72FD5200210090 /* ViewController.swift */; };
		6BF692961C72FD5200210090 /* Main.storyboard in Resources */ = {isa = PBXBuildFile; fileRef = 6BF692941C72FD5200210090 /* Main.storyboard */; };
		6BF692981C72FD5200210090 /* Assets.xcassets in Resources */ = {isa = PBXBuildFile; fileRef = 6BF692971C72FD5200210090 /* Assets.xcassets */; };
		6BF6929B1C72FD5200210090 /* LaunchScreen.storyboard in Resources */ = {isa = PBXBuildFile; fileRef = 6BF692991C72FD5200210090 /* LaunchScreen.storyboard */; };
/* End PBXBuildFile section */

/* Begin PBXFileReference section */
		6BF6928D1C72FD5200210090 /* StaticTablesExample.app */ = {isa = PBXFileReference; explicitFileType = wrapper.application; includeInIndex = 0; path = StaticTablesExample.app; sourceTree = BUILT_PRODUCTS_DIR; };
		6BF692901C72FD5200210090 /* AppDelegate.swift */ = {isa = PBXFileReference; lastKnownFileType = sourcecode.swift; path = AppDelegate.swift; sourceTree = "<group>"; };
		6BF692921C72FD5200210090 /* ViewController.swift */ = {isa = PBXFileReference; lastKnownFileType = sourcecode.swift; path = ViewController.swift; sourceTree = "<group>"; };
		6BF692951C72FD5200210090 /* Base */ = {isa = PBXFileReference; lastKnownFileType = file.storyboard; name = Base; path = Base.lproj/Main.storyboard; sourceTree = "<group>"; };
		6BF692971C72FD5200210090 /* Assets.xcassets */ = {isa = PBXFileReference; lastKnownFileType = folder.assetcatalog; path = Assets.xcassets; sourceTree = "<group>"; };
		6BF6929A1C72FD5200210090 /* Base */ = {isa = PBXFileReference; lastKnownFileType = file.storyboard; name = Base; path = Base.lproj/LaunchScreen.storyboard; sourceTree = "<group>"; };
		6BF6929C1C72FD5200210090 /* Info.plist */ = {isa = PBXFileReference; lastKnownFileType = text.plist.xml; path = Info.plist; sourceTree = "<group>"; };
/* End PBXFileReference section */

/* Begin PBXFrameworksBuildPhase section */
		6BF6928A1C72FD5200210090 /* Frameworks */ = {
			isa = PBXFrameworksBuildPhase;
			buildActionMask = 2147483647;
			files = (
			);
			runOnlyForDeploymentPostprocessing = 0;
		};
/* End PBXFrameworksBuildPhase section */

/* Begin PBXGroup section */
		6BF692841C72FD5200210090 = {
			isa = PBXGroup;
			children = (
				6BF6928F1C72FD5200210090 /* StaticTablesExample */,
				6BF6928E1C72FD5200210090 /* Products */,
			);
			sourceTree = "<group>";
		};
		6BF6928E1C72FD5200210090 /* Products */ = {
			isa = PBXGroup;
			children = (
				6BF6928D1C72FD5200210090 /* StaticTablesExample.app */,
			);
			name = Products;
			sourceTree = "<group>";
		};
		6BF6928F1C72FD5200210090 /* StaticTablesExample */ = {
			isa = PBXGroup;
			children = (
				6BF692901C72FD5200210090 /* AppDelegate.swift */,
				6BF692921C72FD5200210090 /* ViewController.swift */,
				6BF692941C72FD5200210090 /* Main.storyboard */,
				6BF692971C72FD5200210090 /* Assets.xcassets */,
				6BF692991C72FD5200210090 /* LaunchScreen.storyboard */,
				6BF6929C1C72FD5200210090 /* Info.plist */,
			);
			path = StaticTablesExample;
			sourceTree = "<group>";
		};
/* End PBXGroup section */

/* Begin PBXNativeTarget section */
		6BF6928C1C72FD5200210090 /* StaticTablesExample */ = {
			isa = PBXNativeTarget;
			buildConfigurationList = 6BF6929F1C72FD5200210090 /* Build configuration list for PBXNativeTarget "StaticTablesExample" */;
			buildPhases = (
				6BF692891C72FD5200210090 /* Sources */,
				6BF6928A1C72FD5200210090 /* Frameworks */,
				6BF6928B1C72FD5200210090 /* Resources */,
			);
			buildRules = (
			);
			dependencies = (
			);
			name = StaticTablesExample;
			productName = StaticTablesExample;
			productReference = 6BF6928D1C72FD5200210090 /* StaticTablesExample.app */;
			productType = "com.apple.product-type.application";
		};
/* End PBXNativeTarget section */

/* Begin PBXProject section */
		6BF692851C72FD5200210090 /* Project object */ = {
			isa = PBXProject;
			attributes = {
				LastSwiftUpdateCheck = 0720;
				LastUpgradeCheck = 0720;
				ORGANIZATIONNAME = "Aberystwyth University";
				TargetAttributes = {
					6BF6928C1C72FD5200210090 = {
						CreatedOnToolsVersion = 7.2.1;
					};
				};
			};
			buildConfigurationList = 6BF692881C72FD5200210090 /* Build configuration list for PBXProject "StaticTablesExample" */;
			compatibilityVersion = "Xcode 3.2";
			developmentRegion = English;
			hasScannedForEncodings = 0;
			knownRegions = (
				en,
				Base,
			);
			mainGroup = 6BF692841C72FD5200210090;
			productRefGroup = 6BF6928E1C72FD5200210090 /* Products */;
			projectDirPath = "";
			projectRoot = "";
			targets = (
				6BF6928C1C72FD5200210090 /* StaticTablesExample */,
			);
		};
/* End PBXProject section */

/* Begin PBXResourcesBuildPhase section */
		6BF6928B1C72FD5200210090 /* Resources */ = {
			isa = PBXResourcesBuildPhase;
			buildActionMask = 2147483647;
			files = (
				6BF6929B1C72FD5200210090 /* LaunchScreen.storyboard in Resources */,
				6BF692981C72FD5200210090 /* Assets.xcassets in Resources */,
				6BF692961C72FD5200210090 /* Main.storyboard in Resources */,
			);
			runOnlyForDeploymentPostprocessing = 0;
		};
/* End PBXResourcesBuildPhase section */

/* Begin PBXSourcesBuildPhase section */
		6BF692891C72FD5200210090 /* Sources */ = {
			isa = PBXSourcesBuildPhase;
			buildActionMask = 2147483647;
			files = (
				6BF692931C72FD5200210090 /* ViewController.swift in Sources */,
				6BF692911C72FD5200210090 /* AppDelegate.swift in Sources */,
			);
			runOnlyForDeploymentPostprocessing = 0;
		};
/* End PBXSourcesBuildPhase section */

/* Begin PBXVariantGroup section */
		6BF692941C72FD5200210090 /* Main.storyboard */ = {
			isa = PBXVariantGroup;
			children = (
				6BF692951C72FD5200210090 /* Base */,
			);
			name = Main.storyboard;
			sourceTree = "<group>";
		};
		6BF692991C72FD5200210090 /* LaunchScreen.storyboard */ = {
			isa = PBXVariantGroup;
			children = (
				6BF6929A1C72FD5200210090 /* Base */,
			);
			name = LaunchScreen.storyboard;
			sourceTree = "<group>";
		};
/* End PBXVariantGroup section */

/* Begin XCBuildConfiguration section */
		6BF6929D1C72FD5200210090 /* Debug */ = {
			isa = XCBuildConfiguration;
			buildSettings = {
				ALWAYS_SEARCH_USER_PATHS = NO;
				CLANG_CXX_LANGUAGE_STANDARD = "gnu++0x";
				CLANG_CXX_LIBRARY = "libc++";
				CLANG_ENABLE_MODULES = YES;
				CLANG_ENABLE_OBJC_ARC = YES;
				CLANG_WARN_BOOL_CONVERSION = YES;
				CLANG_WARN_CONSTANT_CONVERSION = YES;
				CLANG_WARN_DIRECT_OBJC_ISA_USAGE = YES_ERROR;
				CLANG_WARN_EMPTY_BODY = YES;
				CLANG_WARN_ENUM_CONVERSION = YES;
				CLANG_WARN_INT_CONVERSION = YES;
				CLANG_WARN_OBJC_ROOT_CLASS = YES_ERROR;
				CLANG_WARN_UNREACHABLE_CODE = YES;
				CLANG_WARN__DUPLICATE_METHOD_MATCH = YES;
				"CODE_SIGN_IDENTITY[sdk=iphoneos*]" = "iPhone Developer";
				COPY_PHASE_STRIP = NO;
				DEBUG_INFORMATION_FORMAT = dwarf;
				ENABLE_STRICT_OBJC_MSGSEND = YES;
				ENABLE_TESTABILITY = YES;
				GCC_C_LANGUAGE_STANDARD = gnu99;
				GCC_DYNAMIC_NO_PIC = NO;
				GCC_NO_COMMON_BLOCKS = YES;
				GCC_OPTIMIZATION_LEVEL = 0;
				GCC_PREPROCESSOR_DEFINITIONS = (
					"DEBUG=1",
					"$(inherited)",
				);
				GCC_WARN_64_TO_32_BIT_CONVERSION = YES;
				GCC_WARN_ABOUT_RETURN_TYPE = YES_ERROR;
				GCC_WARN_UNDECLARED_SELECTOR = YES;
				GCC_WARN_UNINITIALIZED_AUTOS = YES_AGGRESSIVE;
				GCC_WARN_UNUSED_FUNCTION = YES;
				GCC_WARN_UNUSED_VARIABLE = YES;
				IPHONEOS_DEPLOYMENT_TARGET = 9.2;
				MTL_ENABLE_DEBUG_INFO = YES;
				ONLY_ACTIVE_ARCH = YES;
				SDKROOT = iphoneos;
				SWIFT_OPTIMIZATION_LEVEL = "-Onone";
			};
			name = Debug;
		};
		6BF6929E1C72FD5200210090 /* Release */ = {
			isa = XCBuildConfiguration;
			buildSettings = {
				ALWAYS_SEARCH_USER_PATHS = NO;
				CLANG_CXX_LANGUAGE_STANDARD = "gnu++0x";
				CLANG_CXX_LIBRARY = "libc++";
				CLANG_ENABLE_MODULES = YES;
				CLANG_ENABLE_OBJC_ARC = YES;
				CLANG_WARN_BOOL_CONVERSION = YES;
				CLANG_WARN_CONSTANT_CONVERSION = YES;
				CLANG_WARN_DIRECT_OBJC_ISA_USAGE = YES_ERROR;
				CLANG_WARN_EMPTY_BODY = YES;
				CLANG_WARN_ENUM_CONVERSION = YES;
				CLANG_WARN_INT_CONVERSION = YES;
				CLANG_WARN_OBJC_ROOT_CLASS = YES_ERROR;
				CLANG_WARN_UNREACHABLE_CODE = YES;
				CLANG_WARN__DUPLICATE_METHOD_MATCH = YES;
				"CODE_SIGN_IDENTITY[sdk=iphoneos*]" = "iPhone Developer";
				COPY_PHASE_STRIP = NO;
				DEBUG_INFORMATION_FORMAT = "dwarf-with-dsym";
				ENABLE_NS_ASSERTIONS = NO;
				ENABLE_STRICT_OBJC_MSGSEND = YES;
				GCC_C_LANGUAGE_STANDARD = gnu99;
				GCC_NO_COMMON_BLOCKS = YES;
				GCC_WARN_64_TO_32_BIT_CONVERSION = YES;
				GCC_WARN_ABOUT_RETURN_TYPE = YES_ERROR;
				GCC_WARN_UNDECLARED_SELECTOR = YES;
				GCC_WARN_UNINITIALIZED_AUTOS = YES_AGGRESSIVE;
				GCC_WARN_UNUSED_FUNCTION = YES;
				GCC_WARN_UNUSED_VARIABLE = YES;
				IPHONEOS_DEPLOYMENT_TARGET = 9.2;
				MTL_ENABLE_DEBUG_INFO = NO;
				SDKROOT = iphoneos;
				VALIDATE_PRODUCT = YES;
			};
			name = Release;
		};
		6BF692A01C72FD5200210090 /* Debug */ = {
			isa = XCBuildConfiguration;
			buildSettings = {
				ASSETCATALOG_COMPILER_APPICON_NAME = AppIcon;
				INFOPLIST_FILE = StaticTablesExample/Info.plist;
				LD_RUNPATH_SEARCH_PATHS = "$(inherited) @executable_path/Frameworks";
				PRODUCT_BUNDLE_IDENTIFIER = uk.ac.aber.app.StaticTablesExample;
				PRODUCT_NAME = "$(TARGET_NAME)";
			};
			name = Debug;
		};
		6BF692A11C72FD5200210090 /* Release */ = {
			isa = XCBuildConfiguration;
			buildSettings = {
				ASSETCATALOG_COMPILER_APPICON_NAME = AppIcon;
				INFOPLIST_FILE = StaticTablesExample/Info.plist;
				LD_RUNPATH_SEARCH_PATHS = "$(inherited) @executable_path/Frameworks";
				PRODUCT_BUNDLE_IDENTIFIER = uk.ac.aber.app.StaticTablesExample;
				PRODUCT_NAME = "$(TARGET_NAME)";
			};
			name = Release;
		};
/* End XCBuildConfiguration section */

/* Begin XCConfigurationList section */
		6BF692881C72FD5200210090 /* Build configuration list for PBXProject "StaticTablesExample" */ = {
			isa = XCConfigurationList;
			buildConfigurations = (
				6BF6929D1C72FD5200210090 /* Debug */,
				6BF6929E1C72FD5200210090 /* Release */,
			);
			defaultConfigurationIsVisible = 0;
			defaultConfigurationName = Release;
		};
		6BF6929F1C72FD5200210090 /* Build configuration list for PBXNativeTarget "StaticTablesExample" */ = {
			isa = XCConfigurationList;
			buildConfigurations = (
				6BF692A01C72FD5200210090 /* Debug */,
				6BF692A11C72FD5200210090 /* Release */,
			);
			defaultConfigurationIsVisible = 0;
		};
/* End XCConfigurationList section */
	};
	rootObject = 6BF692851C72FD5200210090 /* Project object */;
}
