// !$*UTF8*$!
{
	archiveVersion = 1;
	classes = {
	};
	objectVersion = 46;
	objects = {

/* Begin PBXBuildFile section */
		6B0699291AAD6F44001F10C4 /* AppDelegate.swift in Sources */ = {isa = PBXBuildFile; fileRef = 6B0699281AAD6F44001F10C4 /* AppDelegate.swift */; };
		6B06992B1AAD6F44001F10C4 /* ViewController.swift in Sources */ = {isa = PBXBuildFile; fileRef = 6B06992A1AAD6F44001F10C4 /* ViewController.swift */; };
		6B06992E1AAD6F44001F10C4 /* Main.storyboard in Resources */ = {isa = PBXBuildFile; fileRef = 6B06992C1AAD6F44001F10C4 /* Main.storyboard */; };
		6B0699301AAD6F44001F10C4 /* Images.xcassets in Resources */ = {isa = PBXBuildFile; fileRef = 6B06992F1AAD6F44001F10C4 /* Images.xcassets */; };
		6B0699331AAD6F44001F10C4 /* LaunchScreen.xib in Resources */ = {isa = PBXBuildFile; fileRef = 6B0699311AAD6F44001F10C4 /* LaunchScreen.xib */; };
		6B06993F1AAD6F44001F10C4 /* PrototypeTables_part2_SwiftTests.swift in Sources */ = {isa = PBXBuildFile; fileRef = 6B06993E1AAD6F44001F10C4 /* PrototypeTables_part2_SwiftTests.swift */; };
/* End PBXBuildFile section */

/* Begin PBXContainerItemProxy section */
		6B0699391AAD6F44001F10C4 /* PBXContainerItemProxy */ = {
			isa = PBXContainerItemProxy;
			containerPortal = 6B06991B1AAD6F44001F10C4 /* Project object */;
			proxyType = 1;
			remoteGlobalIDString = 6B0699221AAD6F44001F10C4;
			remoteInfo = "PrototypeTables-part2-Swift";
		};
/* End PBXContainerItemProxy section */

/* Begin PBXFileReference section */
		6B0699231AAD6F44001F10C4 /* PrototypeTables-part2-Swift.app */ = {isa = PBXFileReference; explicitFileType = wrapper.application; includeInIndex = 0; path = "PrototypeTables-part2-Swift.app"; sourceTree = BUILT_PRODUCTS_DIR; };
		6B0699271AAD6F44001F10C4 /* Info.plist */ = {isa = PBXFileReference; lastKnownFileType = text.plist.xml; path = Info.plist; sourceTree = "<group>"; };
		6B0699281AAD6F44001F10C4 /* AppDelegate.swift */ = {isa = PBXFileReference; lastKnownFileType = sourcecode.swift; path = AppDelegate.swift; sourceTree = "<group>"; };
		6B06992A1AAD6F44001F10C4 /* ViewController.swift */ = {isa = PBXFileReference; lastKnownFileType = sourcecode.swift; path = ViewController.swift; sourceTree = "<group>"; };
		6B06992D1AAD6F44001F10C4 /* Base */ = {isa = PBXFileReference; lastKnownFileType = file.storyboard; name = Base; path = Base.lproj/Main.storyboard; sourceTree = "<group>"; };
		6B06992F1AAD6F44001F10C4 /* Images.xcassets */ = {isa = PBXFileReference; lastKnownFileType = folder.assetcatalog; path = Images.xcassets; sourceTree = "<group>"; };
		6B0699321AAD6F44001F10C4 /* Base */ = {isa = PBXFileReference; lastKnownFileType = file.xib; name = Base; path = Base.lproj/LaunchScreen.xib; sourceTree = "<group>"; };
		6B0699381AAD6F44001F10C4 /* PrototypeTables-part2-SwiftTests.xctest */ = {isa = PBXFileReference; explicitFileType = wrapper.cfbundle; includeInIndex = 0; path = "PrototypeTables-part2-SwiftTests.xctest"; sourceTree = BUILT_PRODUCTS_DIR; };
		6B06993D1AAD6F44001F10C4 /* Info.plist */ = {isa = PBXFileReference; lastKnownFileType = text.plist.xml; path = Info.plist; sourceTree = "<group>"; };
		6B06993E1AAD6F44001F10C4 /* PrototypeTables_part2_SwiftTests.swift */ = {isa = PBXFileReference; lastKnownFileType = sourcecode.swift; path = PrototypeTables_part2_SwiftTests.swift; sourceTree = "<group>"; };
/* End PBXFileReference section */

/* Begin PBXFrameworksBuildPhase section */
		6B0699201AAD6F44001F10C4 /* Frameworks */ = {
			isa = PBXFrameworksBuildPhase;
			buildActionMask = 2147483647;
			files = (
			);
			runOnlyForDeploymentPostprocessing = 0;
		};
		6B0699351AAD6F44001F10C4 /* Frameworks */ = {
			isa = PBXFrameworksBuildPhase;
			buildActionMask = 2147483647;
			files = (
			);
			runOnlyForDeploymentPostprocessing = 0;
		};
/* End PBXFrameworksBuildPhase section */

/* Begin PBXGroup section */
		6B06991A1AAD6F44001F10C4 = {
			isa = PBXGroup;
			children = (
				6B0699251AAD6F44001F10C4 /* PrototypeTables-part2-Swift */,
				6B06993B1AAD6F44001F10C4 /* PrototypeTables-part2-SwiftTests */,
				6B0699241AAD6F44001F10C4 /* Products */,
			);
			sourceTree = "<group>";
		};
		6B0699241AAD6F44001F10C4 /* Products */ = {
			isa = PBXGroup;
			children = (
				6B0699231AAD6F44001F10C4 /* PrototypeTables-part2-Swift.app */,
				6B0699381AAD6F44001F10C4 /* PrototypeTables-part2-SwiftTests.xctest */,
			);
			name = Products;
			sourceTree = "<group>";
		};
		6B0699251AAD6F44001F10C4 /* PrototypeTables-part2-Swift */ = {
			isa = PBXGroup;
			children = (
				6B0699281AAD6F44001F10C4 /* AppDelegate.swift */,
				6B06992A1AAD6F44001F10C4 /* ViewController.swift */,
				6B06992C1AAD6F44001F10C4 /* Main.storyboard */,
				6B06992F1AAD6F44001F10C4 /* Images.xcassets */,
				6B0699311AAD6F44001F10C4 /* LaunchScreen.xib */,
				6B0699261AAD6F44001F10C4 /* Supporting Files */,
			);
			path = "PrototypeTables-part2-Swift";
			sourceTree = "<group>";
		};
		6B0699261AAD6F44001F10C4 /* Supporting Files */ = {
			isa = PBXGroup;
			children = (
				6B0699271AAD6F44001F10C4 /* Info.plist */,
			);
			name = "Supporting Files";
			sourceTree = "<group>";
		};
		6B06993B1AAD6F44001F10C4 /* PrototypeTables-part2-SwiftTests */ = {
			isa = PBXGroup;
			children = (
				6B06993E1AAD6F44001F10C4 /* PrototypeTables_part2_SwiftTests.swift */,
				6B06993C1AAD6F44001F10C4 /* Supporting Files */,
			);
			path = "PrototypeTables-part2-SwiftTests";
			sourceTree = "<group>";
		};
		6B06993C1AAD6F44001F10C4 /* Supporting Files */ = {
			isa = PBXGroup;
			children = (
				6B06993D1AAD6F44001F10C4 /* Info.plist */,
			);
			name = "Supporting Files";
			sourceTree = "<group>";
		};
/* End PBXGroup section */

/* Begin PBXNativeTarget section */
		6B0699221AAD6F44001F10C4 /* PrototypeTables-part2-Swift */ = {
			isa = PBXNativeTarget;
			buildConfigurationList = 6B0699421AAD6F44001F10C4 /* Build configuration list for PBXNativeTarget "PrototypeTables-part2-Swift" */;
			buildPhases = (
				6B06991F1AAD6F44001F10C4 /* Sources */,
				6B0699201AAD6F44001F10C4 /* Frameworks */,
				6B0699211AAD6F44001F10C4 /* Resources */,
			);
			buildRules = (
			);
			dependencies = (
			);
			name = "PrototypeTables-part2-Swift";
			productName = "PrototypeTables-part2-Swift";
			productReference = 6B0699231AAD6F44001F10C4 /* PrototypeTables-part2-Swift.app */;
			productType = "com.apple.product-type.application";
		};
		6B0699371AAD6F44001F10C4 /* PrototypeTables-part2-SwiftTests */ = {
			isa = PBXNativeTarget;
			buildConfigurationList = 6B0699451AAD6F44001F10C4 /* Build configuration list for PBXNativeTarget "PrototypeTables-part2-SwiftTests" */;
			buildPhases = (
				6B0699341AAD6F44001F10C4 /* Sources */,
				6B0699351AAD6F44001F10C4 /* Frameworks */,
				6B0699361AAD6F44001F10C4 /* Resources */,
			);
			buildRules = (
			);
			dependencies = (
				6B06993A1AAD6F44001F10C4 /* PBXTargetDependency */,
			);
			name = "PrototypeTables-part2-SwiftTests";
			productName = "PrototypeTables-part2-SwiftTests";
			productReference = 6B0699381AAD6F44001F10C4 /* PrototypeTables-part2-SwiftTests.xctest */;
			productType = "com.apple.product-type.bundle.unit-test";
		};
/* End PBXNativeTarget section */

/* Begin PBXProject section */
		6B06991B1AAD6F44001F10C4 /* Project object */ = {
			isa = PBXProject;
			attributes = {
				LastSwiftUpdateCheck = 0720;
				LastUpgradeCheck = 0610;
				ORGANIZATIONNAME = "Aberystwyth University";
				TargetAttributes = {
					6B0699221AAD6F44001F10C4 = {
						CreatedOnToolsVersion = 6.1.1;
					};
					6B0699371AAD6F44001F10C4 = {
						CreatedOnToolsVersion = 6.1.1;
						TestTargetID = 6B0699221AAD6F44001F10C4;
					};
				};
			};
			buildConfigurationList = 6B06991E1AAD6F44001F10C4 /* Build configuration list for PBXProject "PrototypeTables-part2-Swift" */;
			compatibilityVersion = "Xcode 3.2";
			developmentRegion = English;
			hasScannedForEncodings = 0;
			knownRegions = (
				en,
				Base,
			);
			mainGroup = 6B06991A1AAD6F44001F10C4;
			productRefGroup = 6B0699241AAD6F44001F10C4 /* Products */;
			projectDirPath = "";
			projectRoot = "";
			targets = (
				6B0699221AAD6F44001F10C4 /* PrototypeTables-part2-Swift */,
				6B0699371AAD6F44001F10C4 /* PrototypeTables-part2-SwiftTests */,
			);
		};
/* End PBXProject section */

/* Begin PBXResourcesBuildPhase section */
		6B0699211AAD6F44001F10C4 /* Resources */ = {
			isa = PBXResourcesBuildPhase;
			buildActionMask = 2147483647;
			files = (
				6B06992E1AAD6F44001F10C4 /* Main.storyboard in Resources */,
				6B0699331AAD6F44001F10C4 /* LaunchScreen.xib in Resources */,
				6B0699301AAD6F44001F10C4 /* Images.xcassets in Resources */,
			);
			runOnlyForDeploymentPostprocessing = 0;
		};
		6B0699361AAD6F44001F10C4 /* Resources */ = {
			isa = PBXResourcesBuildPhase;
			buildActionMask = 2147483647;
			files = (
			);
			runOnlyForDeploymentPostprocessing = 0;
		};
/* End PBXResourcesBuildPhase section */

/* Begin PBXSourcesBuildPhase section */
		6B06991F1AAD6F44001F10C4 /* Sources */ = {
			isa = PBXSourcesBuildPhase;
			buildActionMask = 2147483647;
			files = (
				6B06992B1AAD6F44001F10C4 /* ViewController.swift in Sources */,
				6B0699291AAD6F44001F10C4 /* AppDelegate.swift in Sources */,
			);
			runOnlyForDeploymentPostprocessing = 0;
		};
		6B0699341AAD6F44001F10C4 /* Sources */ = {
			isa = PBXSourcesBuildPhase;
			buildActionMask = 2147483647;
			files = (
				6B06993F1AAD6F44001F10C4 /* PrototypeTables_part2_SwiftTests.swift in Sources */,
			);
			runOnlyForDeploymentPostprocessing = 0;
		};
/* End PBXSourcesBuildPhase section */

/* Begin PBXTargetDependency section */
		6B06993A1AAD6F44001F10C4 /* PBXTargetDependency */ = {
			isa = PBXTargetDependency;
			target = 6B0699221AAD6F44001F10C4 /* PrototypeTables-part2-Swift */;
			targetProxy = 6B0699391AAD6F44001F10C4 /* PBXContainerItemProxy */;
		};
/* End PBXTargetDependency section */

/* Begin PBXVariantGroup section */
		6B06992C1AAD6F44001F10C4 /* Main.storyboard */ = {
			isa = PBXVariantGroup;
			children = (
				6B06992D1AAD6F44001F10C4 /* Base */,
			);
			name = Main.storyboard;
			sourceTree = "<group>";
		};
		6B0699311AAD6F44001F10C4 /* LaunchScreen.xib */ = {
			isa = PBXVariantGroup;
			children = (
				6B0699321AAD6F44001F10C4 /* Base */,
			);
			name = LaunchScreen.xib;
			sourceTree = "<group>";
		};
/* End PBXVariantGroup section */

/* Begin XCBuildConfiguration section */
		6B0699401AAD6F44001F10C4 /* Debug */ = {
			isa = XCBuildConfiguration;
			buildSettings = {
				ALWAYS_SEARCH_USER_PATHS = NO;
				CLANG_CXX_LANGUAGE_STANDARD = "gnu++0x";
				CLANG_CXX_LIBRARY = "libc++";
				CLANG_ENABLE_MODULES = YES;
				CLANG_ENABLE_OBJC_ARC = YES;
				CLANG_WARN_BOOL_CONVERSION = YES;
				CLANG_WARN_CONSTANT_CONVERSION = YES;
				CLANG_WARN_DIRECT_OBJC_ISA_USAGE = YES_ERROR;
				CLANG_WARN_EMPTY_BODY = YES;
				CLANG_WARN_ENUM_CONVERSION = YES;
				CLANG_WARN_INT_CONVERSION = YES;
				CLANG_WARN_OBJC_ROOT_CLASS = YES_ERROR;
				CLANG_WARN_UNREACHABLE_CODE = YES;
				CLANG_WARN__DUPLICATE_METHOD_MATCH = YES;
				"CODE_SIGN_IDENTITY[sdk=iphoneos*]" = "iPhone Developer";
				COPY_PHASE_STRIP = NO;
				ENABLE_STRICT_OBJC_MSGSEND = YES;
				GCC_C_LANGUAGE_STANDARD = gnu99;
				GCC_DYNAMIC_NO_PIC = NO;
				GCC_OPTIMIZATION_LEVEL = 0;
				GCC_PREPROCESSOR_DEFINITIONS = (
					"DEBUG=1",
					"$(inherited)",
				);
				GCC_SYMBOLS_PRIVATE_EXTERN = NO;
				GCC_WARN_64_TO_32_BIT_CONVERSION = YES;
				GCC_WARN_ABOUT_RETURN_TYPE = YES_ERROR;
				GCC_WARN_UNDECLARED_SELECTOR = YES;
				GCC_WARN_UNINITIALIZED_AUTOS = YES_AGGRESSIVE;
				GCC_WARN_UNUSED_FUNCTION = YES;
				GCC_WARN_UNUSED_VARIABLE = YES;
				IPHONEOS_DEPLOYMENT_TARGET = 8.1;
				MTL_ENABLE_DEBUG_INFO = YES;
				ONLY_ACTIVE_ARCH = YES;
				SDKROOT = iphoneos;
				SWIFT_OPTIMIZATION_LEVEL = "-Onone";
			};
			name = Debug;
		};
		6B0699411AAD6F44001F10C4 /* Release */ = {
			isa = XCBuildConfiguration;
			buildSettings = {
				ALWAYS_SEARCH_USER_PATHS = NO;
				CLANG_CXX_LANGUAGE_STANDARD = "gnu++0x";
				CLANG_CXX_LIBRARY = "libc++";
				CLANG_ENABLE_MODULES = YES;
				CLANG_ENABLE_OBJC_ARC = YES;
				CLANG_WARN_BOOL_CONVERSION = YES;
				CLANG_WARN_CONSTANT_CONVERSION = YES;
				CLANG_WARN_DIRECT_OBJC_ISA_USAGE = YES_ERROR;
				CLANG_WARN_EMPTY_BODY = YES;
				CLANG_WARN_ENUM_CONVERSION = YES;
				CLANG_WARN_INT_CONVERSION = YES;
				CLANG_WARN_OBJC_ROOT_CLASS = YES_ERROR;
				CLANG_WARN_UNREACHABLE_CODE = YES;
				CLANG_WARN__DUPLICATE_METHOD_MATCH = YES;
				"CODE_SIGN_IDENTITY[sdk=iphoneos*]" = "iPhone Developer";
				COPY_PHASE_STRIP = YES;
				ENABLE_NS_ASSERTIONS = NO;
				ENABLE_STRICT_OBJC_MSGSEND = YES;
				GCC_C_LANGUAGE_STANDARD = gnu99;
				GCC_WARN_64_TO_32_BIT_CONVERSION = YES;
				GCC_WARN_ABOUT_RETURN_TYPE = YES_ERROR;
				GCC_WARN_UNDECLARED_SELECTOR = YES;
				GCC_WARN_UNINITIALIZED_AUTOS = YES_AGGRESSIVE;
				GCC_WARN_UNUSED_FUNCTION = YES;
				GCC_WARN_UNUSED_VARIABLE = YES;
				IPHONEOS_DEPLOYMENT_TARGET = 8.1;
				MTL_ENABLE_DEBUG_INFO = NO;
				SDKROOT = iphoneos;
				VALIDATE_PRODUCT = YES;
			};
			name = Release;
		};
		6B0699431AAD6F44001F10C4 /* Debug */ = {
			isa = XCBuildConfiguration;
			buildSettings = {
				ASSETCATALOG_COMPILER_APPICON_NAME = AppIcon;
				INFOPLIST_FILE = "PrototypeTables-part2-Swift/Info.plist";
				IPHONEOS_DEPLOYMENT_TARGET = 9.2;
				LD_RUNPATH_SEARCH_PATHS = "$(inherited) @executable_path/Frameworks";
				PRODUCT_NAME = "$(TARGET_NAME)";
			};
			name = Debug;
		};
		6B0699441AAD6F44001F10C4 /* Release */ = {
			isa = XCBuildConfiguration;
			buildSettings = {
				ASSETCATALOG_COMPILER_APPICON_NAME = AppIcon;
				INFOPLIST_FILE = "PrototypeTables-part2-Swift/Info.plist";
				IPHONEOS_DEPLOYMENT_TARGET = 9.2;
				LD_RUNPATH_SEARCH_PATHS = "$(inherited) @executable_path/Frameworks";
				PRODUCT_NAME = "$(TARGET_NAME)";
			};
			name = Release;
		};
		6B0699461AAD6F44001F10C4 /* Debug */ = {
			isa = XCBuildConfiguration;
			buildSettings = {
				BUNDLE_LOADER = "$(TEST_HOST)";
				FRAMEWORK_SEARCH_PATHS = (
					"$(SDKROOT)/Developer/Library/Frameworks",
					"$(inherited)",
				);
				GCC_PREPROCESSOR_DEFINITIONS = (
					"DEBUG=1",
					"$(inherited)",
				);
				INFOPLIST_FILE = "PrototypeTables-part2-SwiftTests/Info.plist";
				LD_RUNPATH_SEARCH_PATHS = "$(inherited) @executable_path/Frameworks @loader_path/Frameworks";
				PRODUCT_NAME = "$(TARGET_NAME)";
				TEST_HOST = "$(BUILT_PRODUCTS_DIR)/PrototypeTables-part2-Swift.app/PrototypeTables-part2-Swift";
			};
			name = Debug;
		};
		6B0699471AAD6F44001F10C4 /* Release */ = {
			isa = XCBuildConfiguration;
			buildSettings = {
				BUNDLE_LOADER = "$(TEST_HOST)";
				FRAMEWORK_SEARCH_PATHS = (
					"$(SDKROOT)/Developer/Library/Frameworks",
					"$(inherited)",
				);
				INFOPLIST_FILE = "PrototypeTables-part2-SwiftTests/Info.plist";
				LD_RUNPATH_SEARCH_PATHS = "$(inherited) @executable_path/Frameworks @loader_path/Frameworks";
				PRODUCT_NAME = "$(TARGET_NAME)";
				TEST_HOST = "$(BUILT_PRODUCTS_DIR)/PrototypeTables-part2-Swift.app/PrototypeTables-part2-Swift";
			};
			name = Release;
		};
/* End XCBuildConfiguration section */

/* Begin XCConfigurationList section */
		6B06991E1AAD6F44001F10C4 /* Build configuration list for PBXProject "PrototypeTables-part2-Swift" */ = {
			isa = XCConfigurationList;
			buildConfigurations = (
				6B0699401AAD6F44001F10C4 /* Debug */,
				6B0699411AAD6F44001F10C4 /* Release */,
			);
			defaultConfigurationIsVisible = 0;
			defaultConfigurationName = Release;
		};
		6B0699421AAD6F44001F10C4 /* Build configuration list for PBXNativeTarget "PrototypeTables-part2-Swift" */ = {
			isa = XCConfigurationList;
			buildConfigurations = (
				6B0699431AAD6F44001F10C4 /* Debug */,
				6B0699441AAD6F44001F10C4 /* Release */,
			);
			defaultConfigurationIsVisible = 0;
			defaultConfigurationName = Release;
		};
		6B0699451AAD6F44001F10C4 /* Build configuration list for PBXNativeTarget "PrototypeTables-part2-SwiftTests" */ = {
			isa = XCConfigurationList;
			buildConfigurations = (
				6B0699461AAD6F44001F10C4 /* Debug */,
				6B0699471AAD6F44001F10C4 /* Release */,
			);
			defaultConfigurationIsVisible = 0;
			defaultConfigurationName = Release;
		};
/* End XCConfigurationList section */
	};
	rootObject = 6B06991B1AAD6F44001F10C4 /* Project object */;
}
