// !$*UTF8*$!
{
	archiveVersion = 1;
	classes = {
	};
	objectVersion = 46;
	objects = {

/* Begin PBXBuildFile section */
		6BCB02D71AA0C1B000F295E9 /* AppDelegate.swift in Sources */ = {isa = PBXBuildFile; fileRef = 6BCB02D61AA0C1B000F295E9 /* AppDelegate.swift */; };
		6BCB02D91AA0C1B000F295E9 /* ViewController.swift in Sources */ = {isa = PBXBuildFile; fileRef = 6BCB02D81AA0C1B000F295E9 /* ViewController.swift */; };
		6BCB02DC1AA0C1B000F295E9 /* Main.storyboard in Resources */ = {isa = PBXBuildFile; fileRef = 6BCB02DA1AA0C1B000F295E9 /* Main.storyboard */; };
		6BCB02DE1AA0C1B000F295E9 /* Images.xcassets in Resources */ = {isa = PBXBuildFile; fileRef = 6BCB02DD1AA0C1B000F295E9 /* Images.xcassets */; };
		6BCB02E11AA0C1B000F295E9 /* LaunchScreen.xib in Resources */ = {isa = PBXBuildFile; fileRef = 6BCB02DF1AA0C1B000F295E9 /* LaunchScreen.xib */; };
		6BCB02ED1AA0C1B000F295E9 /* HelloWorld_part3_SwiftTests.swift in Sources */ = {isa = PBXBuildFile; fileRef = 6BCB02EC1AA0C1B000F295E9 /* HelloWorld_part3_SwiftTests.swift */; };
/* End PBXBuildFile section */

/* Begin PBXContainerItemProxy section */
		6BCB02E71AA0C1B000F295E9 /* PBXContainerItemProxy */ = {
			isa = PBXContainerItemProxy;
			containerPortal = 6BCB02C91AA0C1B000F295E9 /* Project object */;
			proxyType = 1;
			remoteGlobalIDString = 6BCB02D01AA0C1B000F295E9;
			remoteInfo = "HelloWorld-part3-Swift";
		};
/* End PBXContainerItemProxy section */

/* Begin PBXFileReference section */
		6BCB02D11AA0C1B000F295E9 /* HelloWorld-part3-Swift.app */ = {isa = PBXFileReference; explicitFileType = wrapper.application; includeInIndex = 0; path = "HelloWorld-part3-Swift.app"; sourceTree = BUILT_PRODUCTS_DIR; };
		6BCB02D51AA0C1B000F295E9 /* Info.plist */ = {isa = PBXFileReference; lastKnownFileType = text.plist.xml; path = Info.plist; sourceTree = "<group>"; };
		6BCB02D61AA0C1B000F295E9 /* AppDelegate.swift */ = {isa = PBXFileReference; lastKnownFileType = sourcecode.swift; path = AppDelegate.swift; sourceTree = "<group>"; };
		6BCB02D81AA0C1B000F295E9 /* ViewController.swift */ = {isa = PBXFileReference; lastKnownFileType = sourcecode.swift; path = ViewController.swift; sourceTree = "<group>"; };
		6BCB02DB1AA0C1B000F295E9 /* Base */ = {isa = PBXFileReference; lastKnownFileType = file.storyboard; name = Base; path = Base.lproj/Main.storyboard; sourceTree = "<group>"; };
		6BCB02DD1AA0C1B000F295E9 /* Images.xcassets */ = {isa = PBXFileReference; lastKnownFileType = folder.assetcatalog; path = Images.xcassets; sourceTree = "<group>"; };
		6BCB02E01AA0C1B000F295E9 /* Base */ = {isa = PBXFileReference; lastKnownFileType = file.xib; name = Base; path = Base.lproj/LaunchScreen.xib; sourceTree = "<group>"; };
		6BCB02E61AA0C1B000F295E9 /* HelloWorld-part3-SwiftTests.xctest */ = {isa = PBXFileReference; explicitFileType = wrapper.cfbundle; includeInIndex = 0; path = "HelloWorld-part3-SwiftTests.xctest"; sourceTree = BUILT_PRODUCTS_DIR; };
		6BCB02EB1AA0C1B000F295E9 /* Info.plist */ = {isa = PBXFileReference; lastKnownFileType = text.plist.xml; path = Info.plist; sourceTree = "<group>"; };
		6BCB02EC1AA0C1B000F295E9 /* HelloWorld_part3_SwiftTests.swift */ = {isa = PBXFileReference; lastKnownFileType = sourcecode.swift; path = HelloWorld_part3_SwiftTests.swift; sourceTree = "<group>"; };
/* End PBXFileReference section */

/* Begin PBXFrameworksBuildPhase section */
		6BCB02CE1AA0C1B000F295E9 /* Frameworks */ = {
			isa = PBXFrameworksBuildPhase;
			buildActionMask = 2147483647;
			files = (
			);
			runOnlyForDeploymentPostprocessing = 0;
		};
		6BCB02E31AA0C1B000F295E9 /* Frameworks */ = {
			isa = PBXFrameworksBuildPhase;
			buildActionMask = 2147483647;
			files = (
			);
			runOnlyForDeploymentPostprocessing = 0;
		};
/* End PBXFrameworksBuildPhase section */

/* Begin PBXGroup section */
		6BCB02C81AA0C1B000F295E9 = {
			isa = PBXGroup;
			children = (
				6BCB02D31AA0C1B000F295E9 /* HelloWorld-part3-Swift */,
				6BCB02E91AA0C1B000F295E9 /* HelloWorld-part3-SwiftTests */,
				6BCB02D21AA0C1B000F295E9 /* Products */,
			);
			sourceTree = "<group>";
		};
		6BCB02D21AA0C1B000F295E9 /* Products */ = {
			isa = PBXGroup;
			children = (
				6BCB02D11AA0C1B000F295E9 /* HelloWorld-part3-Swift.app */,
				6BCB02E61AA0C1B000F295E9 /* HelloWorld-part3-SwiftTests.xctest */,
			);
			name = Products;
			sourceTree = "<group>";
		};
		6BCB02D31AA0C1B000F295E9 /* HelloWorld-part3-Swift */ = {
			isa = PBXGroup;
			children = (
				6BCB02D61AA0C1B000F295E9 /* AppDelegate.swift */,
				6BCB02D81AA0C1B000F295E9 /* ViewController.swift */,
				6BCB02DA1AA0C1B000F295E9 /* Main.storyboard */,
				6BCB02DD1AA0C1B000F295E9 /* Images.xcassets */,
				6BCB02DF1AA0C1B000F295E9 /* LaunchScreen.xib */,
				6BCB02D41AA0C1B000F295E9 /* Supporting Files */,
			);
			path = "HelloWorld-part3-Swift";
			sourceTree = "<group>";
		};
		6BCB02D41AA0C1B000F295E9 /* Supporting Files */ = {
			isa = PBXGroup;
			children = (
				6BCB02D51AA0C1B000F295E9 /* Info.plist */,
			);
			name = "Supporting Files";
			sourceTree = "<group>";
		};
		6BCB02E91AA0C1B000F295E9 /* HelloWorld-part3-SwiftTests */ = {
			isa = PBXGroup;
			children = (
				6BCB02EC1AA0C1B000F295E9 /* HelloWorld_part3_SwiftTests.swift */,
				6BCB02EA1AA0C1B000F295E9 /* Supporting Files */,
			);
			path = "HelloWorld-part3-SwiftTests";
			sourceTree = "<group>";
		};
		6BCB02EA1AA0C1B000F295E9 /* Supporting Files */ = {
			isa = PBXGroup;
			children = (
				6BCB02EB1AA0C1B000F295E9 /* Info.plist */,
			);
			name = "Supporting Files";
			sourceTree = "<group>";
		};
/* End PBXGroup section */

/* Begin PBXNativeTarget section */
		6BCB02D01AA0C1B000F295E9 /* HelloWorld-part3-Swift */ = {
			isa = PBXNativeTarget;
			buildConfigurationList = 6BCB02F01AA0C1B000F295E9 /* Build configuration list for PBXNativeTarget "HelloWorld-part3-Swift" */;
			buildPhases = (
				6BCB02CD1AA0C1B000F295E9 /* Sources */,
				6BCB02CE1AA0C1B000F295E9 /* Frameworks */,
				6BCB02CF1AA0C1B000F295E9 /* Resources */,
			);
			buildRules = (
			);
			dependencies = (
			);
			name = "HelloWorld-part3-Swift";
			productName = "HelloWorld-part3-Swift";
			productReference = 6BCB02D11AA0C1B000F295E9 /* HelloWorld-part3-Swift.app */;
			productType = "com.apple.product-type.application";
		};
		6BCB02E51AA0C1B000F295E9 /* HelloWorld-part3-SwiftTests */ = {
			isa = PBXNativeTarget;
			buildConfigurationList = 6BCB02F31AA0C1B000F295E9 /* Build configuration list for PBXNativeTarget "HelloWorld-part3-SwiftTests" */;
			buildPhases = (
				6BCB02E21AA0C1B000F295E9 /* Sources */,
				6BCB02E31AA0C1B000F295E9 /* Frameworks */,
				6BCB02E41AA0C1B000F295E9 /* Resources */,
			);
			buildRules = (
			);
			dependencies = (
				6BCB02E81AA0C1B000F295E9 /* PBXTargetDependency */,
			);
			name = "HelloWorld-part3-SwiftTests";
			productName = "HelloWorld-part3-SwiftTests";
			productReference = 6BCB02E61AA0C1B000F295E9 /* HelloWorld-part3-SwiftTests.xctest */;
			productType = "com.apple.product-type.bundle.unit-test";
		};
/* End PBXNativeTarget section */

/* Begin PBXProject section */
		6BCB02C91AA0C1B000F295E9 /* Project object */ = {
			isa = PBXProject;
			attributes = {
				LastUpgradeCheck = 0610;
				ORGANIZATIONNAME = "Aberystwyth University";
				TargetAttributes = {
					6BCB02D01AA0C1B000F295E9 = {
						CreatedOnToolsVersion = 6.1.1;
					};
					6BCB02E51AA0C1B000F295E9 = {
						CreatedOnToolsVersion = 6.1.1;
						TestTargetID = 6BCB02D01AA0C1B000F295E9;
					};
				};
			};
			buildConfigurationList = 6BCB02CC1AA0C1B000F295E9 /* Build configuration list for PBXProject "HelloWorld-part3-Swift" */;
			compatibilityVersion = "Xcode 3.2";
			developmentRegion = English;
			hasScannedForEncodings = 0;
			knownRegions = (
				en,
				Base,
			);
			mainGroup = 6BCB02C81AA0C1B000F295E9;
			productRefGroup = 6BCB02D21AA0C1B000F295E9 /* Products */;
			projectDirPath = "";
			projectRoot = "";
			targets = (
				6BCB02D01AA0C1B000F295E9 /* HelloWorld-part3-Swift */,
				6BCB02E51AA0C1B000F295E9 /* HelloWorld-part3-SwiftTests */,
			);
		};
/* End PBXProject section */

/* Begin PBXResourcesBuildPhase section */
		6BCB02CF1AA0C1B000F295E9 /* Resources */ = {
			isa = PBXResourcesBuildPhase;
			buildActionMask = 2147483647;
			files = (
				6BCB02DC1AA0C1B000F295E9 /* Main.storyboard in Resources */,
				6BCB02E11AA0C1B000F295E9 /* LaunchScreen.xib in Resources */,
				6BCB02DE1AA0C1B000F295E9 /* Images.xcassets in Resources */,
			);
			runOnlyForDeploymentPostprocessing = 0;
		};
		6BCB02E41AA0C1B000F295E9 /* Resources */ = {
			isa = PBXResourcesBuildPhase;
			buildActionMask = 2147483647;
			files = (
			);
			runOnlyForDeploymentPostprocessing = 0;
		};
/* End PBXResourcesBuildPhase section */

/* Begin PBXSourcesBuildPhase section */
		6BCB02CD1AA0C1B000F295E9 /* Sources */ = {
			isa = PBXSourcesBuildPhase;
			buildActionMask = 2147483647;
			files = (
				6BCB02D91AA0C1B000F295E9 /* ViewController.swift in Sources */,
				6BCB02D71AA0C1B000F295E9 /* AppDelegate.swift in Sources */,
			);
			runOnlyForDeploymentPostprocessing = 0;
		};
		6BCB02E21AA0C1B000F295E9 /* Sources */ = {
			isa = PBXSourcesBuildPhase;
			buildActionMask = 2147483647;
			files = (
				6BCB02ED1AA0C1B000F295E9 /* HelloWorld_part3_SwiftTests.swift in Sources */,
			);
			runOnlyForDeploymentPostprocessing = 0;
		};
/* End PBXSourcesBuildPhase section */

/* Begin PBXTargetDependency section */
		6BCB02E81AA0C1B000F295E9 /* PBXTargetDependency */ = {
			isa = PBXTargetDependency;
			target = 6BCB02D01AA0C1B000F295E9 /* HelloWorld-part3-Swift */;
			targetProxy = 6BCB02E71AA0C1B000F295E9 /* PBXContainerItemProxy */;
		};
/* End PBXTargetDependency section */

/* Begin PBXVariantGroup section */
		6BCB02DA1AA0C1B000F295E9 /* Main.storyboard */ = {
			isa = PBXVariantGroup;
			children = (
				6BCB02DB1AA0C1B000F295E9 /* Base */,
			);
			name = Main.storyboard;
			sourceTree = "<group>";
		};
		6BCB02DF1AA0C1B000F295E9 /* LaunchScreen.xib */ = {
			isa = PBXVariantGroup;
			children = (
				6BCB02E01AA0C1B000F295E9 /* Base */,
			);
			name = LaunchScreen.xib;
			sourceTree = "<group>";
		};
/* End PBXVariantGroup section */

/* Begin XCBuildConfiguration section */
		6BCB02EE1AA0C1B000F295E9 /* Debug */ = {
			isa = XCBuildConfiguration;
			buildSettings = {
				ALWAYS_SEARCH_USER_PATHS = NO;
				CLANG_CXX_LANGUAGE_STANDARD = "gnu++0x";
				CLANG_CXX_LIBRARY = "libc++";
				CLANG_ENABLE_MODULES = YES;
				CLANG_ENABLE_OBJC_ARC = YES;
				CLANG_WARN_BOOL_CONVERSION = YES;
				CLANG_WARN_CONSTANT_CONVERSION = YES;
				CLANG_WARN_DIRECT_OBJC_ISA_USAGE = YES_ERROR;
				CLANG_WARN_EMPTY_BODY = YES;
				CLANG_WARN_ENUM_CONVERSION = YES;
				CLANG_WARN_INT_CONVERSION = YES;
				CLANG_WARN_OBJC_ROOT_CLASS = YES_ERROR;
				CLANG_WARN_UNREACHABLE_CODE = YES;
				CLANG_WARN__DUPLICATE_METHOD_MATCH = YES;
				"CODE_SIGN_IDENTITY[sdk=iphoneos*]" = "iPhone Developer";
				COPY_PHASE_STRIP = NO;
				ENABLE_STRICT_OBJC_MSGSEND = YES;
				GCC_C_LANGUAGE_STANDARD = gnu99;
				GCC_DYNAMIC_NO_PIC = NO;
				GCC_OPTIMIZATION_LEVEL = 0;
				GCC_PREPROCESSOR_DEFINITIONS = (
					"DEBUG=1",
					"$(inherited)",
				);
				GCC_SYMBOLS_PRIVATE_EXTERN = NO;
				GCC_WARN_64_TO_32_BIT_CONVERSION = YES;
				GCC_WARN_ABOUT_RETURN_TYPE = YES_ERROR;
				GCC_WARN_UNDECLARED_SELECTOR = YES;
				GCC_WARN_UNINITIALIZED_AUTOS = YES_AGGRESSIVE;
				GCC_WARN_UNUSED_FUNCTION = YES;
				GCC_WARN_UNUSED_VARIABLE = YES;
				IPHONEOS_DEPLOYMENT_TARGET = 8.1;
				MTL_ENABLE_DEBUG_INFO = YES;
				ONLY_ACTIVE_ARCH = YES;
				SDKROOT = iphoneos;
				SWIFT_OPTIMIZATION_LEVEL = "-Onone";
			};
			name = Debug;
		};
		6BCB02EF1AA0C1B000F295E9 /* Release */ = {
			isa = XCBuildConfiguration;
			buildSettings = {
				ALWAYS_SEARCH_USER_PATHS = NO;
				CLANG_CXX_LANGUAGE_STANDARD = "gnu++0x";
				CLANG_CXX_LIBRARY = "libc++";
				CLANG_ENABLE_MODULES = YES;
				CLANG_ENABLE_OBJC_ARC = YES;
				CLANG_WARN_BOOL_CONVERSION = YES;
				CLANG_WARN_CONSTANT_CONVERSION = YES;
				CLANG_WARN_DIRECT_OBJC_ISA_USAGE = YES_ERROR;
				CLANG_WARN_EMPTY_BODY = YES;
				CLANG_WARN_ENUM_CONVERSION = YES;
				CLANG_WARN_INT_CONVERSION = YES;
				CLANG_WARN_OBJC_ROOT_CLASS = YES_ERROR;
				CLANG_WARN_UNREACHABLE_CODE = YES;
				CLANG_WARN__DUPLICATE_METHOD_MATCH = YES;
				"CODE_SIGN_IDENTITY[sdk=iphoneos*]" = "iPhone Developer";
				COPY_PHASE_STRIP = YES;
				ENABLE_NS_ASSERTIONS = NO;
				ENABLE_STRICT_OBJC_MSGSEND = YES;
				GCC_C_LANGUAGE_STANDARD = gnu99;
				GCC_WARN_64_TO_32_BIT_CONVERSION = YES;
				GCC_WARN_ABOUT_RETURN_TYPE = YES_ERROR;
				GCC_WARN_UNDECLARED_SELECTOR = YES;
				GCC_WARN_UNINITIALIZED_AUTOS = YES_AGGRESSIVE;
				GCC_WARN_UNUSED_FUNCTION = YES;
				GCC_WARN_UNUSED_VARIABLE = YES;
				IPHONEOS_DEPLOYMENT_TARGET = 8.1;
				MTL_ENABLE_DEBUG_INFO = NO;
				SDKROOT = iphoneos;
				VALIDATE_PRODUCT = YES;
			};
			name = Release;
		};
		6BCB02F11AA0C1B000F295E9 /* Debug */ = {
			isa = XCBuildConfiguration;
			buildSettings = {
				ASSETCATALOG_COMPILER_APPICON_NAME = AppIcon;
				INFOPLIST_FILE = "HelloWorld-part3-Swift/Info.plist";
				LD_RUNPATH_SEARCH_PATHS = "$(inherited) @executable_path/Frameworks";
				PRODUCT_NAME = "$(TARGET_NAME)";
			};
			name = Debug;
		};
		6BCB02F21AA0C1B000F295E9 /* Release */ = {
			isa = XCBuildConfiguration;
			buildSettings = {
				ASSETCATALOG_COMPILER_APPICON_NAME = AppIcon;
				INFOPLIST_FILE = "HelloWorld-part3-Swift/Info.plist";
				LD_RUNPATH_SEARCH_PATHS = "$(inherited) @executable_path/Frameworks";
				PRODUCT_NAME = "$(TARGET_NAME)";
			};
			name = Release;
		};
		6BCB02F41AA0C1B000F295E9 /* Debug */ = {
			isa = XCBuildConfiguration;
			buildSettings = {
				BUNDLE_LOADER = "$(TEST_HOST)";
				FRAMEWORK_SEARCH_PATHS = (
					"$(SDKROOT)/Developer/Library/Frameworks",
					"$(inherited)",
				);
				GCC_PREPROCESSOR_DEFINITIONS = (
					"DEBUG=1",
					"$(inherited)",
				);
				INFOPLIST_FILE = "HelloWorld-part3-SwiftTests/Info.plist";
				LD_RUNPATH_SEARCH_PATHS = "$(inherited) @executable_path/Frameworks @loader_path/Frameworks";
				PRODUCT_NAME = "$(TARGET_NAME)";
				TEST_HOST = "$(BUILT_PRODUCTS_DIR)/HelloWorld-part3-Swift.app/HelloWorld-part3-Swift";
			};
			name = Debug;
		};
		6BCB02F51AA0C1B000F295E9 /* Release */ = {
			isa = XCBuildConfiguration;
			buildSettings = {
				BUNDLE_LOADER = "$(TEST_HOST)";
				FRAMEWORK_SEARCH_PATHS = (
					"$(SDKROOT)/Developer/Library/Frameworks",
					"$(inherited)",
				);
				INFOPLIST_FILE = "HelloWorld-part3-SwiftTests/Info.plist";
				LD_RUNPATH_SEARCH_PATHS = "$(inherited) @executable_path/Frameworks @loader_path/Frameworks";
				PRODUCT_NAME = "$(TARGET_NAME)";
				TEST_HOST = "$(BUILT_PRODUCTS_DIR)/HelloWorld-part3-Swift.app/HelloWorld-part3-Swift";
			};
			name = Release;
		};
/* End XCBuildConfiguration section */

/* Begin XCConfigurationList section */
		6BCB02CC1AA0C1B000F295E9 /* Build configuration list for PBXProject "HelloWorld-part3-Swift" */ = {
			isa = XCConfigurationList;
			buildConfigurations = (
				6BCB02EE1AA0C1B000F295E9 /* Debug */,
				6BCB02EF1AA0C1B000F295E9 /* Release */,
			);
			defaultConfigurationIsVisible = 0;
			defaultConfigurationName = Release;
		};
		6BCB02F01AA0C1B000F295E9 /* Build configuration list for PBXNativeTarget "HelloWorld-part3-Swift" */ = {
			isa = XCConfigurationList;
			buildConfigurations = (
				6BCB02F11AA0C1B000F295E9 /* Debug */,
				6BCB02F21AA0C1B000F295E9 /* Release */,
			);
			defaultConfigurationIsVisible = 0;
		};
		6BCB02F31AA0C1B000F295E9 /* Build configuration list for PBXNativeTarget "HelloWorld-part3-SwiftTests" */ = {
			isa = XCConfigurationList;
			buildConfigurations = (
				6BCB02F41AA0C1B000F295E9 /* Debug */,
				6BCB02F51AA0C1B000F295E9 /* Release */,
			);
			defaultConfigurationIsVisible = 0;
		};
/* End XCConfigurationList section */
	};
	rootObject = 6BCB02C91AA0C1B000F295E9 /* Project object */;
}
