// !$*UTF8*$!
{
	archiveVersion = 1;
	classes = {
	};
	objectVersion = 46;
	objects = {

/* Begin PBXBuildFile section */
		6BD75F5C1D122A65000FE389 /* AppDelegate.swift in Sources */ = {isa = PBXBuildFile; fileRef = 6BD75F5B1D122A65000FE389 /* AppDelegate.swift */; };
		6BD75F5E1D122A65000FE389 /* SpeechViewController.swift in Sources */ = {isa = PBXBuildFile; fileRef = 6BD75F5D1D122A65000FE389 /* SpeechViewController.swift */; };
		6BD75F611D122A65000FE389 /* Main.storyboard in Resources */ = {isa = PBXBuildFile; fileRef = 6BD75F5F1D122A65000FE389 /* Main.storyboard */; };
		6BD75F631D122A65000FE389 /* Assets.xcassets in Resources */ = {isa = PBXBuildFile; fileRef = 6BD75F621D122A65000FE389 /* Assets.xcassets */; };
		6BD75F661D122A65000FE389 /* LaunchScreen.storyboard in Resources */ = {isa = PBXBuildFile; fileRef = 6BD75F641D122A65000FE389 /* LaunchScreen.storyboard */; };
		6BD75F6E1D122A73000FE389 /* AVFoundation.framework in Frameworks */ = {isa = PBXBuildFile; fileRef = 6BD75F6D1D122A73000FE389 /* AVFoundation.framework */; };
		6BD75F701D122AC6000FE389 /* SpeechDelegate.swift in Sources */ = {isa = PBXBuildFile; fileRef = 6BD75F6F1D122AC6000FE389 /* SpeechDelegate.swift */; };
		6BD75F721D173247000FE389 /* CodeExtracts.txt in Resources */ = {isa = PBXBuildFile; fileRef = 6BD75F711D173247000FE389 /* CodeExtracts.txt */; };
/* End PBXBuildFile section */

/* Begin PBXFileReference section */
		6BD75F581D122A65000FE389 /* SayIt_End.app */ = {isa = PBXFileReference; explicitFileType = wrapper.application; includeInIndex = 0; path = SayIt_End.app; sourceTree = BUILT_PRODUCTS_DIR; };
		6BD75F5B1D122A65000FE389 /* AppDelegate.swift */ = {isa = PBXFileReference; lastKnownFileType = sourcecode.swift; path = AppDelegate.swift; sourceTree = "<group>"; };
		6BD75F5D1D122A65000FE389 /* SpeechViewController.swift */ = {isa = PBXFileReference; lastKnownFileType = sourcecode.swift; path = SpeechViewController.swift; sourceTree = "<group>"; };
		6BD75F601D122A65000FE389 /* Base */ = {isa = PBXFileReference; lastKnownFileType = file.storyboard; name = Base; path = Base.lproj/Main.storyboard; sourceTree = "<group>"; };
		6BD75F621D122A65000FE389 /* Assets.xcassets */ = {isa = PBXFileReference; lastKnownFileType = folder.assetcatalog; path = Assets.xcassets; sourceTree = "<group>"; };
		6BD75F651D122A65000FE389 /* Base */ = {isa = PBXFileReference; lastKnownFileType = file.storyboard; name = Base; path = Base.lproj/LaunchScreen.storyboard; sourceTree = "<group>"; };
		6BD75F671D122A65000FE389 /* Info.plist */ = {isa = PBXFileReference; lastKnownFileType = text.plist.xml; path = Info.plist; sourceTree = "<group>"; };
		6BD75F6D1D122A73000FE389 /* AVFoundation.framework */ = {isa = PBXFileReference; lastKnownFileType = wrapper.framework; name = AVFoundation.framework; path = System/Library/Frameworks/AVFoundation.framework; sourceTree = SDKROOT; };
		6BD75F6F1D122AC6000FE389 /* SpeechDelegate.swift */ = {isa = PBXFileReference; fileEncoding = 4; lastKnownFileType = sourcecode.swift; path = SpeechDelegate.swift; sourceTree = "<group>"; };
		6BD75F711D173247000FE389 /* CodeExtracts.txt */ = {isa = PBXFileReference; fileEncoding = 4; lastKnownFileType = text; path = CodeExtracts.txt; sourceTree = "<group>"; };
/* End PBXFileReference section */

/* Begin PBXFrameworksBuildPhase section */
		6BD75F551D122A65000FE389 /* Frameworks */ = {
			isa = PBXFrameworksBuildPhase;
			buildActionMask = 2147483647;
			files = (
				6BD75F6E1D122A73000FE389 /* AVFoundation.framework in Frameworks */,
			);
			runOnlyForDeploymentPostprocessing = 0;
		};
/* End PBXFrameworksBuildPhase section */

/* Begin PBXGroup section */
		6BD75F4F1D122A65000FE389 = {
			isa = PBXGroup;
			children = (
				6BD75F6D1D122A73000FE389 /* AVFoundation.framework */,
				6BD75F5A1D122A65000FE389 /* SayIt_End */,
				6BD75F591D122A65000FE389 /* Products */,
			);
			sourceTree = "<group>";
		};
		6BD75F591D122A65000FE389 /* Products */ = {
			isa = PBXGroup;
			children = (
				6BD75F581D122A65000FE389 /* SayIt_End.app */,
			);
			name = Products;
			sourceTree = "<group>";
		};
		6BD75F5A1D122A65000FE389 /* SayIt_End */ = {
			isa = PBXGroup;
			children = (
				6BD75F5B1D122A65000FE389 /* AppDelegate.swift */,
				6BD75F5D1D122A65000FE389 /* SpeechViewController.swift */,
				6BD75F5F1D122A65000FE389 /* Main.storyboard */,
				6BD75F621D122A65000FE389 /* Assets.xcassets */,
				6BD75F641D122A65000FE389 /* LaunchScreen.storyboard */,
				6BD75F671D122A65000FE389 /* Info.plist */,
				6BD75F6F1D122AC6000FE389 /* SpeechDelegate.swift */,
				6BD75F711D173247000FE389 /* CodeExtracts.txt */,
			);
			path = SayIt_End;
			sourceTree = "<group>";
		};
/* End PBXGroup section */

/* Begin PBXNativeTarget section */
		6BD75F571D122A65000FE389 /* SayIt_End */ = {
			isa = PBXNativeTarget;
			buildConfigurationList = 6BD75F6A1D122A65000FE389 /* Build configuration list for PBXNativeTarget "SayIt_End" */;
			buildPhases = (
				6BD75F541D122A65000FE389 /* Sources */,
				6BD75F551D122A65000FE389 /* Frameworks */,
				6BD75F561D122A65000FE389 /* Resources */,
			);
			buildRules = (
			);
			dependencies = (
			);
			name = SayIt_End;
			productName = SayIt;
			productReference = 6BD75F581D122A65000FE389 /* SayIt_End.app */;
			productType = "com.apple.product-type.application";
		};
/* End PBXNativeTarget section */

/* Begin PBXProject section */
		6BD75F501D122A65000FE389 /* Project object */ = {
			isa = PBXProject;
			attributes = {
				LastSwiftUpdateCheck = 0730;
				LastUpgradeCheck = 0730;
				ORGANIZATIONNAME = "Aberystwyth University";
				TargetAttributes = {
					6BD75F571D122A65000FE389 = {
						CreatedOnToolsVersion = 7.3.1;
						LastSwiftMigration = 0820;
					};
				};
			};
			buildConfigurationList = 6BD75F531D122A65000FE389 /* Build configuration list for PBXProject "SayIt_End" */;
			compatibilityVersion = "Xcode 3.2";
			developmentRegion = English;
			hasScannedForEncodings = 0;
			knownRegions = (
				en,
				Base,
			);
			mainGroup = 6BD75F4F1D122A65000FE389;
			productRefGroup = 6BD75F591D122A65000FE389 /* Products */;
			projectDirPath = "";
			projectRoot = "";
			targets = (
				6BD75F571D122A65000FE389 /* SayIt_End */,
			);
		};
/* End PBXProject section */

/* Begin PBXResourcesBuildPhase section */
		6BD75F561D122A65000FE389 /* Resources */ = {
			isa = PBXResourcesBuildPhase;
			buildActionMask = 2147483647;
			files = (
				6BD75F661D122A65000FE389 /* LaunchScreen.storyboard in Resources */,
				6BD75F631D122A65000FE389 /* Assets.xcassets in Resources */,
				6BD75F611D122A65000FE389 /* Main.storyboard in Resources */,
				6BD75F721D173247000FE389 /* CodeExtracts.txt in Resources */,
			);
			runOnlyForDeploymentPostprocessing = 0;
		};
/* End PBXResourcesBuildPhase section */

/* Begin PBXSourcesBuildPhase section */
		6BD75F541D122A65000FE389 /* Sources */ = {
			isa = PBXSourcesBuildPhase;
			buildActionMask = 2147483647;
			files = (
				6BD75F701D122AC6000FE389 /* SpeechDelegate.swift in Sources */,
				6BD75F5E1D122A65000FE389 /* SpeechViewController.swift in Sources */,
				6BD75F5C1D122A65000FE389 /* AppDelegate.swift in Sources */,
			);
			runOnlyForDeploymentPostprocessing = 0;
		};
/* End PBXSourcesBuildPhase section */

/* Begin PBXVariantGroup section */
		6BD75F5F1D122A65000FE389 /* Main.storyboard */ = {
			isa = PBXVariantGroup;
			children = (
				6BD75F601D122A65000FE389 /* Base */,
			);
			name = Main.storyboard;
			sourceTree = "<group>";
		};
		6BD75F641D122A65000FE389 /* LaunchScreen.storyboard */ = {
			isa = PBXVariantGroup;
			children = (
				6BD75F651D122A65000FE389 /* Base */,
			);
			name = LaunchScreen.storyboard;
			sourceTree = "<group>";
		};
/* End PBXVariantGroup section */

/* Begin XCBuildConfiguration section */
		6BD75F681D122A65000FE389 /* Debug */ = {
			isa = XCBuildConfiguration;
			buildSettings = {
				ALWAYS_SEARCH_USER_PATHS = NO;
				CLANG_ANALYZER_NONNULL = YES;
				CLANG_CXX_LANGUAGE_STANDARD = "gnu++0x";
				CLANG_CXX_LIBRARY = "libc++";
				CLANG_ENABLE_MODULES = YES;
				CLANG_ENABLE_OBJC_ARC = YES;
				CLANG_WARN_BOOL_CONVERSION = YES;
				CLANG_WARN_CONSTANT_CONVERSION = YES;
				CLANG_WARN_DIRECT_OBJC_ISA_USAGE = YES_ERROR;
				CLANG_WARN_EMPTY_BODY = YES;
				CLANG_WARN_ENUM_CONVERSION = YES;
				CLANG_WARN_INT_CONVERSION = YES;
				CLANG_WARN_OBJC_ROOT_CLASS = YES_ERROR;
				CLANG_WARN_UNREACHABLE_CODE = YES;
				CLANG_WARN__DUPLICATE_METHOD_MATCH = YES;
				"CODE_SIGN_IDENTITY[sdk=iphoneos*]" = "iPhone Developer";
				COPY_PHASE_STRIP = NO;
				DEBUG_INFORMATION_FORMAT = dwarf;
				ENABLE_STRICT_OBJC_MSGSEND = YES;
				ENABLE_TESTABILITY = YES;
				GCC_C_LANGUAGE_STANDARD = gnu99;
				GCC_DYNAMIC_NO_PIC = NO;
				GCC_NO_COMMON_BLOCKS = YES;
				GCC_OPTIMIZATION_LEVEL = 0;
				GCC_PREPROCESSOR_DEFINITIONS = (
					"DEBUG=1",
					"$(inherited)",
				);
				GCC_WARN_64_TO_32_BIT_CONVERSION = YES;
				GCC_WARN_ABOUT_RETURN_TYPE = YES_ERROR;
				GCC_WARN_UNDECLARED_SELECTOR = YES;
				GCC_WARN_UNINITIALIZED_AUTOS = YES_AGGRESSIVE;
				GCC_WARN_UNUSED_FUNCTION = YES;
				GCC_WARN_UNUSED_VARIABLE = YES;
				IPHONEOS_DEPLOYMENT_TARGET = 9.3;
				MTL_ENABLE_DEBUG_INFO = YES;
				ONLY_ACTIVE_ARCH = YES;
				SDKROOT = iphoneos;
				SWIFT_OPTIMIZATION_LEVEL = "-Onone";
			};
			name = Debug;
		};
		6BD75F691D122A65000FE389 /* Release */ = {
			isa = XCBuildConfiguration;
			buildSettings = {
				ALWAYS_SEARCH_USER_PATHS = NO;
				CLANG_ANALYZER_NONNULL = YES;
				CLANG_CXX_LANGUAGE_STANDARD = "gnu++0x";
				CLANG_CXX_LIBRARY = "libc++";
				CLANG_ENABLE_MODULES = YES;
				CLANG_ENABLE_OBJC_ARC = YES;
				CLANG_WARN_BOOL_CONVERSION = YES;
				CLANG_WARN_CONSTANT_CONVERSION = YES;
				CLANG_WARN_DIRECT_OBJC_ISA_USAGE = YES_ERROR;
				CLANG_WARN_EMPTY_BODY = YES;
				CLANG_WARN_ENUM_CONVERSION = YES;
				CLANG_WARN_INT_CONVERSION = YES;
				CLANG_WARN_OBJC_ROOT_CLASS = YES_ERROR;
				CLANG_WARN_UNREACHABLE_CODE = YES;
				CLANG_WARN__DUPLICATE_METHOD_MATCH = YES;
				"CODE_SIGN_IDENTITY[sdk=iphoneos*]" = "iPhone Developer";
				COPY_PHASE_STRIP = NO;
				DEBUG_INFORMATION_FORMAT = "dwarf-with-dsym";
				ENABLE_NS_ASSERTIONS = NO;
				ENABLE_STRICT_OBJC_MSGSEND = YES;
				GCC_C_LANGUAGE_STANDARD = gnu99;
				GCC_NO_COMMON_BLOCKS = YES;
				GCC_WARN_64_TO_32_BIT_CONVERSION = YES;
				GCC_WARN_ABOUT_RETURN_TYPE = YES_ERROR;
				GCC_WARN_UNDECLARED_SELECTOR = YES;
				GCC_WARN_UNINITIALIZED_AUTOS = YES_AGGRESSIVE;
				GCC_WARN_UNUSED_FUNCTION = YES;
				GCC_WARN_UNUSED_VARIABLE = YES;
				IPHONEOS_DEPLOYMENT_TARGET = 9.3;
				MTL_ENABLE_DEBUG_INFO = NO;
				SDKROOT = iphoneos;
				VALIDATE_PRODUCT = YES;
			};
			name = Release;
		};
		6BD75F6B1D122A65000FE389 /* Debug */ = {
			isa = XCBuildConfiguration;
			buildSettings = {
				ASSETCATALOG_COMPILER_APPICON_NAME = AppIcon;
				INFOPLIST_FILE = SayIt_End/Info.plist;
				LD_RUNPATH_SEARCH_PATHS = "$(inherited) @executable_path/Frameworks";
				PRODUCT_BUNDLE_IDENTIFIER = uk.ac.aber.app.SayIt_End;
				PRODUCT_NAME = SayIt_End;
				SWIFT_VERSION = 3.0;
			};
			name = Debug;
		};
		6BD75F6C1D122A65000FE389 /* Release */ = {
			isa = XCBuildConfiguration;
			buildSettings = {
				ASSETCATALOG_COMPILER_APPICON_NAME = AppIcon;
				INFOPLIST_FILE = SayIt_End/Info.plist;
				LD_RUNPATH_SEARCH_PATHS = "$(inherited) @executable_path/Frameworks";
				PRODUCT_BUNDLE_IDENTIFIER = uk.ac.aber.app.SayIt_End;
				PRODUCT_NAME = SayIt_End;
				SWIFT_VERSION = 3.0;
			};
			name = Release;
		};
/* End XCBuildConfiguration section */

/* Begin XCConfigurationList section */
		6BD75F531D122A65000FE389 /* Build configuration list for PBXProject "SayIt_End" */ = {
			isa = XCConfigurationList;
			buildConfigurations = (
				6BD75F681D122A65000FE389 /* Debug */,
				6BD75F691D122A65000FE389 /* Release */,
			);
			defaultConfigurationIsVisible = 0;
			defaultConfigurationName = Release;
		};
		6BD75F6A1D122A65000FE389 /* Build configuration list for PBXNativeTarget "SayIt_End" */ = {
			isa = XCConfigurationList;
			buildConfigurations = (
				6BD75F6B1D122A65000FE389 /* Debug */,
				6BD75F6C1D122A65000FE389 /* Release */,
			);
			defaultConfigurationIsVisible = 0;
			defaultConfigurationName = Release;
		};
/* End XCConfigurationList section */
	};
	rootObject = 6BD75F501D122A65000FE389 /* Project object */;
}
