// !$*UTF8*$!
{
	archiveVersion = 1;
	classes = {
	};
	objectVersion = 46;
	objects = {

/* Begin PBXBuildFile section */
		6BDB4AA21AA0BDAE00F96DF7 /* AppDelegate.swift in Sources */ = {isa = PBXBuildFile; fileRef = 6BDB4AA11AA0BDAE00F96DF7 /* AppDelegate.swift */; };
		6BDB4AA41AA0BDAE00F96DF7 /* ViewController.swift in Sources */ = {isa = PBXBuildFile; fileRef = 6BDB4AA31AA0BDAE00F96DF7 /* ViewController.swift */; };
		6BDB4AA71AA0BDAE00F96DF7 /* Main.storyboard in Resources */ = {isa = PBXBuildFile; fileRef = 6BDB4AA51AA0BDAE00F96DF7 /* Main.storyboard */; };
		6BDB4AA91AA0BDAE00F96DF7 /* Images.xcassets in Resources */ = {isa = PBXBuildFile; fileRef = 6BDB4AA81AA0BDAE00F96DF7 /* Images.xcassets */; };
		6BDB4AAC1AA0BDAE00F96DF7 /* LaunchScreen.xib in Resources */ = {isa = PBXBuildFile; fileRef = 6BDB4AAA1AA0BDAE00F96DF7 /* LaunchScreen.xib */; };
		6BDB4AB81AA0BDAE00F96DF7 /* HelloWorld_part1_SwiftTests.swift in Sources */ = {isa = PBXBuildFile; fileRef = 6BDB4AB71AA0BDAE00F96DF7 /* HelloWorld_part1_SwiftTests.swift */; };
/* End PBXBuildFile section */

/* Begin PBXContainerItemProxy section */
		6BDB4AB21AA0BDAE00F96DF7 /* PBXContainerItemProxy */ = {
			isa = PBXContainerItemProxy;
			containerPortal = 6BDB4A941AA0BDAE00F96DF7 /* Project object */;
			proxyType = 1;
			remoteGlobalIDString = 6BDB4A9B1AA0BDAE00F96DF7;
			remoteInfo = "HelloWorld-part1-Swift";
		};
/* End PBXContainerItemProxy section */

/* Begin PBXFileReference section */
		6BDB4A9C1AA0BDAE00F96DF7 /* HelloWorld-part1-Swift.app */ = {isa = PBXFileReference; explicitFileType = wrapper.application; includeInIndex = 0; path = "HelloWorld-part1-Swift.app"; sourceTree = BUILT_PRODUCTS_DIR; };
		6BDB4AA01AA0BDAE00F96DF7 /* Info.plist */ = {isa = PBXFileReference; lastKnownFileType = text.plist.xml; path = Info.plist; sourceTree = "<group>"; };
		6BDB4AA11AA0BDAE00F96DF7 /* AppDelegate.swift */ = {isa = PBXFileReference; lastKnownFileType = sourcecode.swift; path = AppDelegate.swift; sourceTree = "<group>"; };
		6BDB4AA31AA0BDAE00F96DF7 /* ViewController.swift */ = {isa = PBXFileReference; lastKnownFileType = sourcecode.swift; path = ViewController.swift; sourceTree = "<group>"; };
		6BDB4AA61AA0BDAE00F96DF7 /* Base */ = {isa = PBXFileReference; lastKnownFileType = file.storyboard; name = Base; path = Base.lproj/Main.storyboard; sourceTree = "<group>"; };
		6BDB4AA81AA0BDAE00F96DF7 /* Images.xcassets */ = {isa = PBXFileReference; lastKnownFileType = folder.assetcatalog; path = Images.xcassets; sourceTree = "<group>"; };
		6BDB4AAB1AA0BDAE00F96DF7 /* Base */ = {isa = PBXFileReference; lastKnownFileType = file.xib; name = Base; path = Base.lproj/LaunchScreen.xib; sourceTree = "<group>"; };
		6BDB4AB11AA0BDAE00F96DF7 /* HelloWorld-part1-SwiftTests.xctest */ = {isa = PBXFileReference; explicitFileType = wrapper.cfbundle; includeInIndex = 0; path = "HelloWorld-part1-SwiftTests.xctest"; sourceTree = BUILT_PRODUCTS_DIR; };
		6BDB4AB61AA0BDAE00F96DF7 /* Info.plist */ = {isa = PBXFileReference; lastKnownFileType = text.plist.xml; path = Info.plist; sourceTree = "<group>"; };
		6BDB4AB71AA0BDAE00F96DF7 /* HelloWorld_part1_SwiftTests.swift */ = {isa = PBXFileReference; lastKnownFileType = sourcecode.swift; path = HelloWorld_part1_SwiftTests.swift; sourceTree = "<group>"; };
/* End PBXFileReference section */

/* Begin PBXFrameworksBuildPhase section */
		6BDB4A991AA0BDAE00F96DF7 /* Frameworks */ = {
			isa = PBXFrameworksBuildPhase;
			buildActionMask = 2147483647;
			files = (
			);
			runOnlyForDeploymentPostprocessing = 0;
		};
		6BDB4AAE1AA0BDAE00F96DF7 /* Frameworks */ = {
			isa = PBXFrameworksBuildPhase;
			buildActionMask = 2147483647;
			files = (
			);
			runOnlyForDeploymentPostprocessing = 0;
		};
/* End PBXFrameworksBuildPhase section */

/* Begin PBXGroup section */
		6BDB4A931AA0BDAE00F96DF7 = {
			isa = PBXGroup;
			children = (
				6BDB4A9E1AA0BDAE00F96DF7 /* HelloWorld-part1-Swift */,
				6BDB4AB41AA0BDAE00F96DF7 /* HelloWorld-part1-SwiftTests */,
				6BDB4A9D1AA0BDAE00F96DF7 /* Products */,
			);
			sourceTree = "<group>";
		};
		6BDB4A9D1AA0BDAE00F96DF7 /* Products */ = {
			isa = PBXGroup;
			children = (
				6BDB4A9C1AA0BDAE00F96DF7 /* HelloWorld-part1-Swift.app */,
				6BDB4AB11AA0BDAE00F96DF7 /* HelloWorld-part1-SwiftTests.xctest */,
			);
			name = Products;
			sourceTree = "<group>";
		};
		6BDB4A9E1AA0BDAE00F96DF7 /* HelloWorld-part1-Swift */ = {
			isa = PBXGroup;
			children = (
				6BDB4AA11AA0BDAE00F96DF7 /* AppDelegate.swift */,
				6BDB4AA31AA0BDAE00F96DF7 /* ViewController.swift */,
				6BDB4AA51AA0BDAE00F96DF7 /* Main.storyboard */,
				6BDB4AA81AA0BDAE00F96DF7 /* Images.xcassets */,
				6BDB4AAA1AA0BDAE00F96DF7 /* LaunchScreen.xib */,
				6BDB4A9F1AA0BDAE00F96DF7 /* Supporting Files */,
			);
			path = "HelloWorld-part1-Swift";
			sourceTree = "<group>";
		};
		6BDB4A9F1AA0BDAE00F96DF7 /* Supporting Files */ = {
			isa = PBXGroup;
			children = (
				6BDB4AA01AA0BDAE00F96DF7 /* Info.plist */,
			);
			name = "Supporting Files";
			sourceTree = "<group>";
		};
		6BDB4AB41AA0BDAE00F96DF7 /* HelloWorld-part1-SwiftTests */ = {
			isa = PBXGroup;
			children = (
				6BDB4AB71AA0BDAE00F96DF7 /* HelloWorld_part1_SwiftTests.swift */,
				6BDB4AB51AA0BDAE00F96DF7 /* Supporting Files */,
			);
			path = "HelloWorld-part1-SwiftTests";
			sourceTree = "<group>";
		};
		6BDB4AB51AA0BDAE00F96DF7 /* Supporting Files */ = {
			isa = PBXGroup;
			children = (
				6BDB4AB61AA0BDAE00F96DF7 /* Info.plist */,
			);
			name = "Supporting Files";
			sourceTree = "<group>";
		};
/* End PBXGroup section */

/* Begin PBXNativeTarget section */
		6BDB4A9B1AA0BDAE00F96DF7 /* HelloWorld-part1-Swift */ = {
			isa = PBXNativeTarget;
			buildConfigurationList = 6BDB4ABB1AA0BDAE00F96DF7 /* Build configuration list for PBXNativeTarget "HelloWorld-part1-Swift" */;
			buildPhases = (
				6BDB4A981AA0BDAE00F96DF7 /* Sources */,
				6BDB4A991AA0BDAE00F96DF7 /* Frameworks */,
				6BDB4A9A1AA0BDAE00F96DF7 /* Resources */,
			);
			buildRules = (
			);
			dependencies = (
			);
			name = "HelloWorld-part1-Swift";
			productName = "HelloWorld-part1-Swift";
			productReference = 6BDB4A9C1AA0BDAE00F96DF7 /* HelloWorld-part1-Swift.app */;
			productType = "com.apple.product-type.application";
		};
		6BDB4AB01AA0BDAE00F96DF7 /* HelloWorld-part1-SwiftTests */ = {
			isa = PBXNativeTarget;
			buildConfigurationList = 6BDB4ABE1AA0BDAE00F96DF7 /* Build configuration list for PBXNativeTarget "HelloWorld-part1-SwiftTests" */;
			buildPhases = (
				6BDB4AAD1AA0BDAE00F96DF7 /* Sources */,
				6BDB4AAE1AA0BDAE00F96DF7 /* Frameworks */,
				6BDB4AAF1AA0BDAE00F96DF7 /* Resources */,
			);
			buildRules = (
			);
			dependencies = (
				6BDB4AB31AA0BDAE00F96DF7 /* PBXTargetDependency */,
			);
			name = "HelloWorld-part1-SwiftTests";
			productName = "HelloWorld-part1-SwiftTests";
			productReference = 6BDB4AB11AA0BDAE00F96DF7 /* HelloWorld-part1-SwiftTests.xctest */;
			productType = "com.apple.product-type.bundle.unit-test";
		};
/* End PBXNativeTarget section */

/* Begin PBXProject section */
		6BDB4A941AA0BDAE00F96DF7 /* Project object */ = {
			isa = PBXProject;
			attributes = {
				LastUpgradeCheck = 0610;
				ORGANIZATIONNAME = "Aberystwyth University";
				TargetAttributes = {
					6BDB4A9B1AA0BDAE00F96DF7 = {
						CreatedOnToolsVersion = 6.1.1;
					};
					6BDB4AB01AA0BDAE00F96DF7 = {
						CreatedOnToolsVersion = 6.1.1;
						TestTargetID = 6BDB4A9B1AA0BDAE00F96DF7;
					};
				};
			};
			buildConfigurationList = 6BDB4A971AA0BDAE00F96DF7 /* Build configuration list for PBXProject "HelloWorld-part1-Swift" */;
			compatibilityVersion = "Xcode 3.2";
			developmentRegion = English;
			hasScannedForEncodings = 0;
			knownRegions = (
				en,
				Base,
			);
			mainGroup = 6BDB4A931AA0BDAE00F96DF7;
			productRefGroup = 6BDB4A9D1AA0BDAE00F96DF7 /* Products */;
			projectDirPath = "";
			projectRoot = "";
			targets = (
				6BDB4A9B1AA0BDAE00F96DF7 /* HelloWorld-part1-Swift */,
				6BDB4AB01AA0BDAE00F96DF7 /* HelloWorld-part1-SwiftTests */,
			);
		};
/* End PBXProject section */

/* Begin PBXResourcesBuildPhase section */
		6BDB4A9A1AA0BDAE00F96DF7 /* Resources */ = {
			isa = PBXResourcesBuildPhase;
			buildActionMask = 2147483647;
			files = (
				6BDB4AA71AA0BDAE00F96DF7 /* Main.storyboard in Resources */,
				6BDB4AAC1AA0BDAE00F96DF7 /* LaunchScreen.xib in Resources */,
				6BDB4AA91AA0BDAE00F96DF7 /* Images.xcassets in Resources */,
			);
			runOnlyForDeploymentPostprocessing = 0;
		};
		6BDB4AAF1AA0BDAE00F96DF7 /* Resources */ = {
			isa = PBXResourcesBuildPhase;
			buildActionMask = 2147483647;
			files = (
			);
			runOnlyForDeploymentPostprocessing = 0;
		};
/* End PBXResourcesBuildPhase section */

/* Begin PBXSourcesBuildPhase section */
		6BDB4A981AA0BDAE00F96DF7 /* Sources */ = {
			isa = PBXSourcesBuildPhase;
			buildActionMask = 2147483647;
			files = (
				6BDB4AA41AA0BDAE00F96DF7 /* ViewController.swift in Sources */,
				6BDB4AA21AA0BDAE00F96DF7 /* AppDelegate.swift in Sources */,
			);
			runOnlyForDeploymentPostprocessing = 0;
		};
		6BDB4AAD1AA0BDAE00F96DF7 /* Sources */ = {
			isa = PBXSourcesBuildPhase;
			buildActionMask = 2147483647;
			files = (
				6BDB4AB81AA0BDAE00F96DF7 /* HelloWorld_part1_SwiftTests.swift in Sources */,
			);
			runOnlyForDeploymentPostprocessing = 0;
		};
/* End PBXSourcesBuildPhase section */

/* Begin PBXTargetDependency section */
		6BDB4AB31AA0BDAE00F96DF7 /* PBXTargetDependency */ = {
			isa = PBXTargetDependency;
			target = 6BDB4A9B1AA0BDAE00F96DF7 /* HelloWorld-part1-Swift */;
			targetProxy = 6BDB4AB21AA0BDAE00F96DF7 /* PBXContainerItemProxy */;
		};
/* End PBXTargetDependency section */

/* Begin PBXVariantGroup section */
		6BDB4AA51AA0BDAE00F96DF7 /* Main.storyboard */ = {
			isa = PBXVariantGroup;
			children = (
				6BDB4AA61AA0BDAE00F96DF7 /* Base */,
			);
			name = Main.storyboard;
			sourceTree = "<group>";
		};
		6BDB4AAA1AA0BDAE00F96DF7 /* LaunchScreen.xib */ = {
			isa = PBXVariantGroup;
			children = (
				6BDB4AAB1AA0BDAE00F96DF7 /* Base */,
			);
			name = LaunchScreen.xib;
			sourceTree = "<group>";
		};
/* End PBXVariantGroup section */

/* Begin XCBuildConfiguration section */
		6BDB4AB91AA0BDAE00F96DF7 /* Debug */ = {
			isa = XCBuildConfiguration;
			buildSettings = {
				ALWAYS_SEARCH_USER_PATHS = NO;
				CLANG_CXX_LANGUAGE_STANDARD = "gnu++0x";
				CLANG_CXX_LIBRARY = "libc++";
				CLANG_ENABLE_MODULES = YES;
				CLANG_ENABLE_OBJC_ARC = YES;
				CLANG_WARN_BOOL_CONVERSION = YES;
				CLANG_WARN_CONSTANT_CONVERSION = YES;
				CLANG_WARN_DIRECT_OBJC_ISA_USAGE = YES_ERROR;
				CLANG_WARN_EMPTY_BODY = YES;
				CLANG_WARN_ENUM_CONVERSION = YES;
				CLANG_WARN_INT_CONVERSION = YES;
				CLANG_WARN_OBJC_ROOT_CLASS = YES_ERROR;
				CLANG_WARN_UNREACHABLE_CODE = YES;
				CLANG_WARN__DUPLICATE_METHOD_MATCH = YES;
				"CODE_SIGN_IDENTITY[sdk=iphoneos*]" = "iPhone Developer";
				COPY_PHASE_STRIP = NO;
				ENABLE_STRICT_OBJC_MSGSEND = YES;
				GCC_C_LANGUAGE_STANDARD = gnu99;
				GCC_DYNAMIC_NO_PIC = NO;
				GCC_OPTIMIZATION_LEVEL = 0;
				GCC_PREPROCESSOR_DEFINITIONS = (
					"DEBUG=1",
					"$(inherited)",
				);
				GCC_SYMBOLS_PRIVATE_EXTERN = NO;
				GCC_WARN_64_TO_32_BIT_CONVERSION = YES;
				GCC_WARN_ABOUT_RETURN_TYPE = YES_ERROR;
				GCC_WARN_UNDECLARED_SELECTOR = YES;
				GCC_WARN_UNINITIALIZED_AUTOS = YES_AGGRESSIVE;
				GCC_WARN_UNUSED_FUNCTION = YES;
				GCC_WARN_UNUSED_VARIABLE = YES;
				IPHONEOS_DEPLOYMENT_TARGET = 8.1;
				MTL_ENABLE_DEBUG_INFO = YES;
				ONLY_ACTIVE_ARCH = YES;
				SDKROOT = iphoneos;
				SWIFT_OPTIMIZATION_LEVEL = "-Onone";
			};
			name = Debug;
		};
		6BDB4ABA1AA0BDAE00F96DF7 /* Release */ = {
			isa = XCBuildConfiguration;
			buildSettings = {
				ALWAYS_SEARCH_USER_PATHS = NO;
				CLANG_CXX_LANGUAGE_STANDARD = "gnu++0x";
				CLANG_CXX_LIBRARY = "libc++";
				CLANG_ENABLE_MODULES = YES;
				CLANG_ENABLE_OBJC_ARC = YES;
				CLANG_WARN_BOOL_CONVERSION = YES;
				CLANG_WARN_CONSTANT_CONVERSION = YES;
				CLANG_WARN_DIRECT_OBJC_ISA_USAGE = YES_ERROR;
				CLANG_WARN_EMPTY_BODY = YES;
				CLANG_WARN_ENUM_CONVERSION = YES;
				CLANG_WARN_INT_CONVERSION = YES;
				CLANG_WARN_OBJC_ROOT_CLASS = YES_ERROR;
				CLANG_WARN_UNREACHABLE_CODE = YES;
				CLANG_WARN__DUPLICATE_METHOD_MATCH = YES;
				"CODE_SIGN_IDENTITY[sdk=iphoneos*]" = "iPhone Developer";
				COPY_PHASE_STRIP = YES;
				ENABLE_NS_ASSERTIONS = NO;
				ENABLE_STRICT_OBJC_MSGSEND = YES;
				GCC_C_LANGUAGE_STANDARD = gnu99;
				GCC_WARN_64_TO_32_BIT_CONVERSION = YES;
				GCC_WARN_ABOUT_RETURN_TYPE = YES_ERROR;
				GCC_WARN_UNDECLARED_SELECTOR = YES;
				GCC_WARN_UNINITIALIZED_AUTOS = YES_AGGRESSIVE;
				GCC_WARN_UNUSED_FUNCTION = YES;
				GCC_WARN_UNUSED_VARIABLE = YES;
				IPHONEOS_DEPLOYMENT_TARGET = 8.1;
				MTL_ENABLE_DEBUG_INFO = NO;
				SDKROOT = iphoneos;
				VALIDATE_PRODUCT = YES;
			};
			name = Release;
		};
		6BDB4ABC1AA0BDAE00F96DF7 /* Debug */ = {
			isa = XCBuildConfiguration;
			buildSettings = {
				ASSETCATALOG_COMPILER_APPICON_NAME = AppIcon;
				INFOPLIST_FILE = "HelloWorld-part1-Swift/Info.plist";
				LD_RUNPATH_SEARCH_PATHS = "$(inherited) @executable_path/Frameworks";
				PRODUCT_NAME = "$(TARGET_NAME)";
			};
			name = Debug;
		};
		6BDB4ABD1AA0BDAE00F96DF7 /* Release */ = {
			isa = XCBuildConfiguration;
			buildSettings = {
				ASSETCATALOG_COMPILER_APPICON_NAME = AppIcon;
				INFOPLIST_FILE = "HelloWorld-part1-Swift/Info.plist";
				LD_RUNPATH_SEARCH_PATHS = "$(inherited) @executable_path/Frameworks";
				PRODUCT_NAME = "$(TARGET_NAME)";
			};
			name = Release;
		};
		6BDB4ABF1AA0BDAE00F96DF7 /* Debug */ = {
			isa = XCBuildConfiguration;
			buildSettings = {
				BUNDLE_LOADER = "$(TEST_HOST)";
				FRAMEWORK_SEARCH_PATHS = (
					"$(SDKROOT)/Developer/Library/Frameworks",
					"$(inherited)",
				);
				GCC_PREPROCESSOR_DEFINITIONS = (
					"DEBUG=1",
					"$(inherited)",
				);
				INFOPLIST_FILE = "HelloWorld-part1-SwiftTests/Info.plist";
				LD_RUNPATH_SEARCH_PATHS = "$(inherited) @executable_path/Frameworks @loader_path/Frameworks";
				PRODUCT_NAME = "$(TARGET_NAME)";
				TEST_HOST = "$(BUILT_PRODUCTS_DIR)/HelloWorld-part1-Swift.app/HelloWorld-part1-Swift";
			};
			name = Debug;
		};
		6BDB4AC01AA0BDAE00F96DF7 /* Release */ = {
			isa = XCBuildConfiguration;
			buildSettings = {
				BUNDLE_LOADER = "$(TEST_HOST)";
				FRAMEWORK_SEARCH_PATHS = (
					"$(SDKROOT)/Developer/Library/Frameworks",
					"$(inherited)",
				);
				INFOPLIST_FILE = "HelloWorld-part1-SwiftTests/Info.plist";
				LD_RUNPATH_SEARCH_PATHS = "$(inherited) @executable_path/Frameworks @loader_path/Frameworks";
				PRODUCT_NAME = "$(TARGET_NAME)";
				TEST_HOST = "$(BUILT_PRODUCTS_DIR)/HelloWorld-part1-Swift.app/HelloWorld-part1-Swift";
			};
			name = Release;
		};
/* End XCBuildConfiguration section */

/* Begin XCConfigurationList section */
		6BDB4A971AA0BDAE00F96DF7 /* Build configuration list for PBXProject "HelloWorld-part1-Swift" */ = {
			isa = XCConfigurationList;
			buildConfigurations = (
				6BDB4AB91AA0BDAE00F96DF7 /* Debug */,
				6BDB4ABA1AA0BDAE00F96DF7 /* Release */,
			);
			defaultConfigurationIsVisible = 0;
			defaultConfigurationName = Release;
		};
		6BDB4ABB1AA0BDAE00F96DF7 /* Build configuration list for PBXNativeTarget "HelloWorld-part1-Swift" */ = {
			isa = XCConfigurationList;
			buildConfigurations = (
				6BDB4ABC1AA0BDAE00F96DF7 /* Debug */,
				6BDB4ABD1AA0BDAE00F96DF7 /* Release */,
			);
			defaultConfigurationIsVisible = 0;
		};
		6BDB4ABE1AA0BDAE00F96DF7 /* Build configuration list for PBXNativeTarget "HelloWorld-part1-SwiftTests" */ = {
			isa = XCConfigurationList;
			buildConfigurations = (
				6BDB4ABF1AA0BDAE00F96DF7 /* Debug */,
				6BDB4AC01AA0BDAE00F96DF7 /* Release */,
			);
			defaultConfigurationIsVisible = 0;
		};
/* End XCConfigurationList section */
	};
	rootObject = 6BDB4A941AA0BDAE00F96DF7 /* Project object */;
}
